
Microsoft Visual Studio Solution File, Format Version 12.00
# Visual Studio 15
VisualStudioVersion = 15.0.28307.421
MinimumVisualStudioVersion = 10.0.40219.1
Project("{FAE04EC0-301F-11D3-BF4B-00C04F79EFBC}") = "Encryption Software by Darkwind", "Encryption Software by Darkwind\Encryption Software by Darkwind.csproj", "{27D2D318-AF67-4718-9788-678EF5D42798}"
EndProject
Global
	GlobalSection(SolutionConfigurationPlatforms) = preSolution
		Debug|Any CPU = Debug|Any CPU
		Release|Any CPU = Release|Any CPU
	EndGlobalSection
	GlobalSection(ProjectConfigurationPlatforms) = postSolution
		{27D2D318-AF67-4718-9788-678EF5D42798}.Debug|Any CPU.ActiveCfg = Debug|Any CPU
		{27D2D318-AF67-4718-9788-678EF5D42798}.Debug|Any CPU.Build.0 = Debug|Any CPU
		{27D2D318-AF67-4718-9788-678EF5D42798}.Release|Any CPU.ActiveCfg = Release|Any CPU
		{27D2D318-AF67-4718-9788-678EF5D42798}.Release|Any CPU.Build.0 = Release|Any CPU
	EndGlobalSection
	GlobalSection(SolutionProperties) = preSolution
		HideSolutionNode = FALSE
	EndGlobalSection
	GlobalSection(ExtensibilityGlobals) = postSolution
		SolutionGuid = {D3BB753B-A9BC-4034-AC78-F2036EB7709E}
	EndGlobalSection
EndGlobal
